lockfileVersion: '6.0'

settings:
  autoInstallPeers: true
  excludeLinksFromLockfile: false

dependencies:
  clipboard:
    specifier: ^2.0.11
    version: 2.0.11
  dayjs:
    specifier: ^1.11.3
    version: 1.11.3

packages:

  /clipboard@2.0.11:
    resolution: {integrity: sha512-C+0bbOqkezLIsmWSvlsXS0Q0bmkugu7jcfMIACB+RDEntIzQIkdr148we28AfSloQLRdZlYL/QYyrq05j/3Faw==}
    dependencies:
      good-listener: r2.cnpmjs.org/good-listener@1.2.2
      select: r2.cnpmjs.org/select@1.1.2
      tiny-emitter: r2.cnpmjs.org/tiny-emitter@2.1.0
    dev: false

  /dayjs@1.11.3:
    resolution: {integrity: sha512-xxwlswWOlGhzgQ4TKzASQkUhqERI3egRNqgV4ScR8wlANA/A9tZ7miXa44vTTKEq5l7vWoL5G57bG3zA+Kow0A==}
    dev: false

  r2.cnpmjs.org/delegate@3.2.0:
    resolution: {integrity: sha512-IofjkYBZaZivn0V8nnsMJGBr4jVLxHDheKSW88PyxS5QC4Vo9ZbZVvhzlSxY87fVq3STR6r+4cGepyHkcWOQSw==, registry: https://r.cnpmjs.org/, tarball: https://r2.cnpmjs.org/delegate/-/delegate-3.2.0.tgz}
    name: delegate
    version: 3.2.0
    dev: false

  r2.cnpmjs.org/good-listener@1.2.2:
    resolution: {integrity: sha512-goW1b+d9q/HIwbVYZzZ6SsTr4IgE+WA44A0GmPIQstuOrgsFcT7VEJ48nmr9GaRtNu0XTKacFLGnBPAM6Afouw==, registry: https://r.cnpmjs.org/, tarball: https://r2.cnpmjs.org/good-listener/-/good-listener-1.2.2.tgz}
    name: good-listener
    version: 1.2.2
    dependencies:
      delegate: r2.cnpmjs.org/delegate@3.2.0
    dev: false

  r2.cnpmjs.org/select@1.1.2:
    resolution: {integrity: sha512-OwpTSOfy6xSs1+pwcNrv0RBMOzI39Lp3qQKUTPVVPRjCdNa5JH/oPRiqsesIskK8TVgmRiHwO4KXlV2Li9dANA==, registry: https://r.cnpmjs.org/, tarball: https://r2.cnpmjs.org/select/-/select-1.1.2.tgz}
    name: select
    version: 1.1.2
    dev: false

  r2.cnpmjs.org/tiny-emitter@2.1.0:
    resolution: {integrity: sha512-NB6Dk1A9xgQPMoGqC5CVXn123gWyte215ONT5Pp5a0yt4nlEoO1ZWeCwpncaekPHXO60i47ihFnZPiRPjRMq4Q==, registry: https://r.cnpmjs.org/, tarball: https://r2.cnpmjs.org/tiny-emitter/-/tiny-emitter-2.1.0.tgz}
    name: tiny-emitter
    version: 2.1.0
    dev: false
